
Microsoft Visual Studio Solution File, Format Version 12.00
# Visual Studio Version 17
VisualStudioVersion = 17.12.35707.178 d17.12
MinimumVisualStudioVersion = 10.0.40219.1
Project("{FAE04EC0-301F-11D3-BF4B-00C04F79EFBC}") = "FundooNotes", "FundooNotes\FundooNotes.csproj", "{6042E033-85B8-4C1C-B84E-6982B760E5B3}"
EndProject
Project("{FAE04EC0-301F-11D3-BF4B-00C04F79EFBC}") = "ManagerLayer", "ManagerLayer\ManagerLayer.csproj", "{4B06DD6B-FF20-4E95-BC1A-5ADF740C0EBB}"
EndProject
Project("{FAE04EC0-301F-11D3-BF4B-00C04F79EFBC}") = "RepositoryLayer", "RepositoryLayer\RepositoryLayer.csproj", "{5E6A7D11-E957-4E34-8147-E5BDB4BE7D77}"
EndProject
Project("{FAE04EC0-301F-11D3-BF4B-00C04F79EFBC}") = "CommonLayer", "CommonLayer\CommonLayer.csproj", "{854C5C1F-5AB9-4F6F-A35F-AA6F9DE0C209}"
EndProject
Global
	GlobalSection(SolutionConfigurationPlatforms) = preSolution
		Debug|Any CPU = Debug|Any CPU
		Release|Any CPU = Release|Any CPU
	EndGlobalSection
	GlobalSection(ProjectConfigurationPlatforms) = postSolution
		{6042E033-85B8-4C1C-B84E-6982B760E5B3}.Debug|Any CPU.ActiveCfg = Debug|Any CPU
		{6042E033-85B8-4C1C-B84E-6982B760E5B3}.Debug|Any CPU.Build.0 = Debug|Any CPU
		{6042E033-85B8-4C1C-B84E-6982B760E5B3}.Release|Any CPU.ActiveCfg = Release|Any CPU
		{6042E033-85B8-4C1C-B84E-6982B760E5B3}.Release|Any CPU.Build.0 = Release|Any CPU
		{4B06DD6B-FF20-4E95-BC1A-5ADF740C0EBB}.Debug|Any CPU.ActiveCfg = Debug|Any CPU
		{4B06DD6B-FF20-4E95-BC1A-5ADF740C0EBB}.Debug|Any CPU.Build.0 = Debug|Any CPU
		{4B06DD6B-FF20-4E95-BC1A-5ADF740C0EBB}.Release|Any CPU.ActiveCfg = Release|Any CPU
		{4B06DD6B-FF20-4E95-BC1A-5ADF740C0EBB}.Release|Any CPU.Build.0 = Release|Any CPU
		{5E6A7D11-E957-4E34-8147-E5BDB4BE7D77}.Debug|Any CPU.ActiveCfg = Debug|Any CPU
		{5E6A7D11-E957-4E34-8147-E5BDB4BE7D77}.Debug|Any CPU.Build.0 = Debug|Any CPU
		{5E6A7D11-E957-4E34-8147-E5BDB4BE7D77}.Release|Any CPU.ActiveCfg = Release|Any CPU
		{5E6A7D11-E957-4E34-8147-E5BDB4BE7D77}.Release|Any CPU.Build.0 = Release|Any CPU
		{854C5C1F-5AB9-4F6F-A35F-AA6F9DE0C209}.Debug|Any CPU.ActiveCfg = Debug|Any CPU
		{854C5C1F-5AB9-4F6F-A35F-AA6F9DE0C209}.Debug|Any CPU.Build.0 = Debug|Any CPU
		{854C5C1F-5AB9-4F6F-A35F-AA6F9DE0C209}.Release|Any CPU.ActiveCfg = Release|Any CPU
		{854C5C1F-5AB9-4F6F-A35F-AA6F9DE0C209}.Release|Any CPU.Build.0 = Release|Any CPU
	EndGlobalSection
	GlobalSection(SolutionProperties) = preSolution
		HideSolutionNode = FALSE
	EndGlobalSection
EndGlobal
